// !$*UTF8*$!
{
	archiveVersion = 1;
	classes = {
	};
	objectVersion = 46;
	objects = {

/* Begin PBXBuildFile section */
		5D5413D2169D24A100EFFC76 /* SPSocrataDataProvider.m in Sources */ = {isa = PBXBuildFile; fileRef = 5D65F02916910B32001D5971 /* SPSocrataDataProvider.m */; };
		5D5413D6169D2D9300EFFC76 /* seattle_code_violations.json in Resources */ = {isa = PBXBuildFile; fileRef = 5D5413D4169D2D8900EFFC76 /* seattle_code_violations.json */; };
		5D5413D8169D2DA600EFFC76 /* austin_restaurants.json in Resources */ = {isa = PBXBuildFile; fileRef = 5D5413D7169D2DA600EFFC76 /* austin_restaurants.json */; };
		5D5413DA169D2DB000EFFC76 /* ny_wifi_hotspots.json in Resources */ = {isa = PBXBuildFile; fileRef = 5D5413D9169D2DB000EFFC76 /* ny_wifi_hotspots.json */; };
		5D65F02A16910B32001D5971 /* SPSocrataDataProvider.m in Sources */ = {isa = PBXBuildFile; fileRef = 5D65F02916910B32001D5971 /* SPSocrataDataProvider.m */; };
		5DAE38F716782CD70079AA6A /* Cocoa.framework in Frameworks */ = {isa = PBXBuildFile; fileRef = 5DAE38F616782CD70079AA6A /* Cocoa.framework */; };
		5DAE390116782CD80079AA6A /* InfoPlist.strings in Resources */ = {isa = PBXBuildFile; fileRef = 5DAE38FF16782CD80079AA6A /* InfoPlist.strings */; };
		5DAE390316782CD80079AA6A /* main.m in Sources */ = {isa = PBXBuildFile; fileRef = 5DAE390216782CD80079AA6A /* main.m */; };
		5DAE390716782CD80079AA6A /* Credits.rtf in Resources */ = {isa = PBXBuildFile; fileRef = 5DAE390516782CD80079AA6A /* Credits.rtf */; };
		5DAE390A16782CD80079AA6A /* SPAppDelegate.m in Sources */ = {isa = PBXBuildFile; fileRef = 5DAE390916782CD80079AA6A /* SPAppDelegate.m */; };
		5DAE390D16782CD80079AA6A /* MainMenu.xib in Resources */ = {isa = PBXBuildFile; fileRef = 5DAE390B16782CD80079AA6A /* MainMenu.xib */; };
		5DAF7217169A92F200D64EA4 /* SenTestingKit.framework in Frameworks */ = {isa = PBXBuildFile; fileRef = 5DAF7216169A92F200D64EA4 /* SenTestingKit.framework */; };
		5DAF7218169A92F200D64EA4 /* Cocoa.framework in Frameworks */ = {isa = PBXBuildFile; fileRef = 5DAE38F616782CD70079AA6A /* Cocoa.framework */; };
		5DAF721E169A92FE00D64EA4 /* InfoPlist.strings in Resources */ = {isa = PBXBuildFile; fileRef = 5DAF721C169A92FE00D64EA4 /* InfoPlist.strings */; };
		5DAF7221169A92FE00D64EA4 /* SocrataParserTests.m in Sources */ = {isa = PBXBuildFile; fileRef = 5DAF7220169A92FE00D64EA4 /* SocrataParserTests.m */; };
/* End PBXBuildFile section */

/* Begin PBXFileReference section */
		5D5413D4169D2D8900EFFC76 /* seattle_code_violations.json */ = {isa = PBXFileReference; fileEncoding = 4; lastKnownFileType = text.json; name = seattle_code_violations.json; path = ../SocrataParser/seattle_code_violations.json; sourceTree = "<group>"; };
		5D5413D7169D2DA600EFFC76 /* austin_restaurants.json */ = {isa = PBXFileReference; fileEncoding = 4; lastKnownFileType = text.json; name = austin_restaurants.json; path = ../SocrataParser/austin_restaurants.json; sourceTree = "<group>"; };
		5D5413D9169D2DB000EFFC76 /* ny_wifi_hotspots.json */ = {isa = PBXFileReference; fileEncoding = 4; lastKnownFileType = text.json; name = ny_wifi_hotspots.json; path = ../SocrataParser/ny_wifi_hotspots.json; sourceTree = "<group>"; };
		5D65F02816910B32001D5971 /* SPSocrataDataProvider.h */ = {isa = PBXFileReference; fileEncoding = 4; lastKnownFileType = sourcecode.c.h; path = SPSocrataDataProvider.h; sourceTree = "<group>"; };
		5D65F02916910B32001D5971 /* SPSocrataDataProvider.m */ = {isa = PBXFileReference; fileEncoding = 4; lastKnownFileType = sourcecode.c.objc; path = SPSocrataDataProvider.m; sourceTree = "<group>"; };
		5DAE38F216782CD70079AA6A /* SocrataParser.app */ = {isa = PBXFileReference; explicitFileType = wrapper.application; includeInIndex = 0; path = SocrataParser.app; sourceTree = BUILT_PRODUCTS_DIR; };
		5DAE38F616782CD70079AA6A /* Cocoa.framework */ = {isa = PBXFileReference; lastKnownFileType = wrapper.framework; name = Cocoa.framework; path = System/Library/Frameworks/Cocoa.framework; sourceTree = SDKROOT; };
		5DAE38F916782CD70079AA6A /* AppKit.framework */ = {isa = PBXFileReference; lastKnownFileType = wrapper.framework; name = AppKit.framework; path = System/Library/Frameworks/AppKit.framework; sourceTree = SDKROOT; };
		5DAE38FA16782CD70079AA6A /* CoreData.framework */ = {isa = PBXFileReference; lastKnownFileType = wrapper.framework; name = CoreData.framework; path = System/Library/Frameworks/CoreData.framework; sourceTree = SDKROOT; };
		5DAE38FB16782CD70079AA6A /* Foundation.framework */ = {isa = PBXFileReference; lastKnownFileType = wrapper.framework; name = Foundation.framework; path = System/Library/Frameworks/Foundation.framework; sourceTree = SDKROOT; };
		5DAE38FE16782CD80079AA6A /* SocrataParser-Info.plist */ = {isa = PBXFileReference; lastKnownFileType = text.plist.xml; path = "SocrataParser-Info.plist"; sourceTree = "<group>"; };
		5DAE390016782CD80079AA6A /* en */ = {isa = PBXFileReference; lastKnownFileType = text.plist.strings; name = en; path = en.lproj/InfoPlist.strings; sourceTree = "<group>"; };
		5DAE390216782CD80079AA6A /* main.m */ = {isa = PBXFileReference; lastKnownFileType = sourcecode.c.objc; path = main.m; sourceTree = "<group>"; };
		5DAE390416782CD80079AA6A /* SocrataParser-Prefix.pch */ = {isa = PBXFileReference; lastKnownFileType = sourcecode.c.h; path = "SocrataParser-Prefix.pch"; sourceTree = "<group>"; };
		5DAE390616782CD80079AA6A /* en */ = {isa = PBXFileReference; lastKnownFileType = text.rtf; name = en; path = en.lproj/Credits.rtf; sourceTree = "<group>"; };
		5DAE390816782CD80079AA6A /* SPAppDelegate.h */ = {isa = PBXFileReference; lastKnownFileType = sourcecode.c.h; path = SPAppDelegate.h; sourceTree = "<group>"; };
		5DAE390916782CD80079AA6A /* SPAppDelegate.m */ = {isa = PBXFileReference; lastKnownFileType = sourcecode.c.objc; path = SPAppDelegate.m; sourceTree = "<group>"; };
		5DAE390C16782CD80079AA6A /* en */ = {isa = PBXFileReference; lastKnownFileType = file.xib; name = en; path = en.lproj/MainMenu.xib; sourceTree = "<group>"; };
		5DAF7215169A92F200D64EA4 /* SocrataParserTests.octest */ = {isa = PBXFileReference; explicitFileType = wrapper.cfbundle; includeInIndex = 0; path = SocrataParserTests.octest; sourceTree = BUILT_PRODUCTS_DIR; };
		5DAF7216169A92F200D64EA4 /* SenTestingKit.framework */ = {isa = PBXFileReference; lastKnownFileType = wrapper.framework; name = SenTestingKit.framework; path = Library/Frameworks/SenTestingKit.framework; sourceTree = DEVELOPER_DIR; };
		5DAF721B169A92F200D64EA4 /* SocrataParserTests-Info.plist */ = {isa = PBXFileReference; lastKnownFileType = text.plist.xml; path = "SocrataParserTests-Info.plist"; sourceTree = "<group>"; };
		5DAF721D169A92FE00D64EA4 /* en */ = {isa = PBXFileReference; lastKnownFileType = text.plist.strings; name = en; path = en.lproj/InfoPlist.strings; sourceTree = "<group>"; };
		5DAF721F169A92FE00D64EA4 /* SocrataParserTests.h */ = {isa = PBXFileReference; lastKnownFileType = sourcecode.c.h; path = SocrataParserTests.h; sourceTree = "<group>"; };
		5DAF7220169A92FE00D64EA4 /* SocrataParserTests.m */ = {isa = PBXFileReference; lastKnownFileType = sourcecode.c.objc; path = SocrataParserTests.m; sourceTree = "<group>"; };
		5DAF7222169A92FE00D64EA4 /* SocrataParserTests-Prefix.pch */ = {isa = PBXFileReference; lastKnownFileType = sourcecode.c.h; path = "SocrataParserTests-Prefix.pch"; sourceTree = "<group>"; };
/* End PBXFileReference section */

/* Begin PBXFrameworksBuildPhase section */
		5DAE38EF16782CD70079AA6A /* Frameworks */ = {
			isa = PBXFrameworksBuildPhase;
			buildActionMask = 2147483647;
			files = (
				5DAE38F716782CD70079AA6A /* Cocoa.framework in Frameworks */,
			);
			runOnlyForDeploymentPostprocessing = 0;
		};
		5DAF7211169A92F200D64EA4 /* Frameworks */ = {
			isa = PBXFrameworksBuildPhase;
			buildActionMask = 2147483647;
			files = (
				5DAF7217169A92F200D64EA4 /* SenTestingKit.framework in Frameworks */,
				5DAF7218169A92F200D64EA4 /* Cocoa.framework in Frameworks */,
			);
			runOnlyForDeploymentPostprocessing = 0;
		};
/* End PBXFrameworksBuildPhase section */

/* Begin PBXGroup section */
		5DAE38E716782CD70079AA6A = {
			isa = PBXGroup;
			children = (
				5DAE38FC16782CD70079AA6A /* SocrataParser */,
				5DAF7219169A92F200D64EA4 /* SocrataParserTests */,
				5DAE38F516782CD70079AA6A /* Frameworks */,
				5DAE38F316782CD70079AA6A /* Products */,
			);
			sourceTree = "<group>";
		};
		5DAE38F316782CD70079AA6A /* Products */ = {
			isa = PBXGroup;
			children = (
				5DAE38F216782CD70079AA6A /* SocrataParser.app */,
				5DAF7215169A92F200D64EA4 /* SocrataParserTests.octest */,
			);
			name = Products;
			sourceTree = "<group>";
		};
		5DAE38F516782CD70079AA6A /* Frameworks */ = {
			isa = PBXGroup;
			children = (
				5DAE38F616782CD70079AA6A /* Cocoa.framework */,
				5DAF7216169A92F200D64EA4 /* SenTestingKit.framework */,
				5DAE38F816782CD70079AA6A /* Other Frameworks */,
			);
			name = Frameworks;
			sourceTree = "<group>";
		};
		5DAE38F816782CD70079AA6A /* Other Frameworks */ = {
			isa = PBXGroup;
			children = (
				5DAE38F916782CD70079AA6A /* AppKit.framework */,
				5DAE38FA16782CD70079AA6A /* CoreData.framework */,
				5DAE38FB16782CD70079AA6A /* Foundation.framework */,
			);
			name = "Other Frameworks";
			sourceTree = "<group>";
		};
		5DAE38FC16782CD70079AA6A /* SocrataParser */ = {
			isa = PBXGroup;
			children = (
				5DAE390816782CD80079AA6A /* SPAppDelegate.h */,
				5DAE390916782CD80079AA6A /* SPAppDelegate.m */,
				5D65F02816910B32001D5971 /* SPSocrataDataProvider.h */,
				5D65F02916910B32001D5971 /* SPSocrataDataProvider.m */,
				5DAE390B16782CD80079AA6A /* MainMenu.xib */,
				5DAE38FD16782CD80079AA6A /* Supporting Files */,
			);
			path = SocrataParser;
			sourceTree = "<group>";
		};
		5DAE38FD16782CD80079AA6A /* Supporting Files */ = {
			isa = PBXGroup;
			children = (
				5DAE38FE16782CD80079AA6A /* SocrataParser-Info.plist */,
				5DAE38FF16782CD80079AA6A /* InfoPlist.strings */,
				5DAE390216782CD80079AA6A /* main.m */,
				5DAE390416782CD80079AA6A /* SocrataParser-Prefix.pch */,
				5DAE390516782CD80079AA6A /* Credits.rtf */,
			);
			name = "Supporting Files";
			sourceTree = "<group>";
		};
		5DAF7219169A92F200D64EA4 /* SocrataParserTests */ = {
			isa = PBXGroup;
			children = (
				5D5413D4169D2D8900EFFC76 /* seattle_code_violations.json */,
				5D5413D7169D2DA600EFFC76 /* austin_restaurants.json */,
				5D5413D9169D2DB000EFFC76 /* ny_wifi_hotspots.json */,
				5DAF721F169A92FE00D64EA4 /* SocrataParserTests.h */,
				5DAF7220169A92FE00D64EA4 /* SocrataParserTests.m */,
				5DAF721A169A92F200D64EA4 /* Supporting Files */,
			);
			path = SocrataParserTests;
			sourceTree = "<group>";
		};
		5DAF721A169A92F200D64EA4 /* Supporting Files */ = {
			isa = PBXGroup;
			children = (
				5DAF721B169A92F200D64EA4 /* SocrataParserTests-Info.plist */,
				5DAF721C169A92FE00D64EA4 /* InfoPlist.strings */,
				5DAF7222169A92FE00D64EA4 /* SocrataParserTests-Prefix.pch */,
			);
			name = "Supporting Files";
			sourceTree = "<group>";
		};
/* End PBXGroup section */

/* Begin PBXNativeTarget section */
		5DAE38F116782CD70079AA6A /* SocrataParser */ = {
			isa = PBXNativeTarget;
			buildConfigurationList = 5DAE391016782CD80079AA6A /* Build configuration list for PBXNativeTarget "SocrataParser" */;
			buildPhases = (
				5DAE38EE16782CD70079AA6A /* Sources */,
				5DAE38EF16782CD70079AA6A /* Frameworks */,
				5DAE38F016782CD70079AA6A /* Resources */,
			);
			buildRules = (
			);
			dependencies = (
			);
			name = SocrataParser;
			productName = SocrataParser;
			productReference = 5DAE38F216782CD70079AA6A /* SocrataParser.app */;
			productType = "com.apple.product-type.application";
		};
		5DAF7214169A92F200D64EA4 /* SocrataParserTests */ = {
			isa = PBXNativeTarget;
			buildConfigurationList = 5DAF7225169A92FE00D64EA4 /* Build configuration list for PBXNativeTarget "SocrataParserTests" */;
			buildPhases = (
				5DAF7210169A92F200D64EA4 /* Sources */,
				5DAF7211169A92F200D64EA4 /* Frameworks */,
				5DAF7212169A92F200D64EA4 /* Resources */,
				5DAF7213169A92F200D64EA4 /* ShellScript */,
			);
			buildRules = (
			);
			dependencies = (
			);
			name = SocrataParserTests;
			productName = SocrataParserTests;
			productReference = 5DAF7215169A92F200D64EA4 /* SocrataParserTests.octest */;
			productType = "com.apple.product-type.bundle";
		};
/* End PBXNativeTarget section */

/* Begin PBXProject section */
		5DAE38E916782CD70079AA6A /* Project object */ = {
			isa = PBXProject;
			attributes = {
				CLASSPREFIX = SP;
				LastUpgradeCheck = 0450;
				ORGANIZATIONNAME = "David Roth";
			};
			buildConfigurationList = 5DAE38EC16782CD70079AA6A /* Build configuration list for PBXProject "SocrataParser" */;
			compatibilityVersion = "Xcode 3.2";
			developmentRegion = English;
			hasScannedForEncodings = 0;
			knownRegions = (
				en,
			);
			mainGroup = 5DAE38E716782CD70079AA6A;
			productRefGroup = 5DAE38F316782CD70079AA6A /* Products */;
			projectDirPath = "";
			projectRoot = "";
			targets = (
				5DAE38F116782CD70079AA6A /* SocrataParser */,
				5DAF7214169A92F200D64EA4 /* SocrataParserTests */,
			);
		};
/* End PBXProject section */

/* Begin PBXResourcesBuildPhase section */
		5DAE38F016782CD70079AA6A /* Resources */ = {
			isa = PBXResourcesBuildPhase;
			buildActionMask = 2147483647;
			files = (
				5DAE390116782CD80079AA6A /* InfoPlist.strings in Resources */,
				5DAE390716782CD80079AA6A /* Credits.rtf in Resources */,
				5DAE390D16782CD80079AA6A /* MainMenu.xib in Resources */,
			);
			runOnlyForDeploymentPostprocessing = 0;
		};
		5DAF7212169A92F200D64EA4 /* Resources */ = {
			isa = PBXResourcesBuildPhase;
			buildActionMask = 2147483647;
			files = (
				5DAF721E169A92FE00D64EA4 /* InfoPlist.strings in Resources */,
				5D5413D6169D2D9300EFFC76 /* seattle_code_violations.json in Resources */,
				5D5413D8169D2DA600EFFC76 /* austin_restaurants.json in Resources */,
				5D5413DA169D2DB000EFFC76 /* ny_wifi_hotspots.json in Resources */,
			);
			runOnlyForDeploymentPostprocessing = 0;
		};
/* End PBXResourcesBuildPhase section */

/* Begin PBXShellScriptBuildPhase section */
		5DAF7213169A92F200D64EA4 /* ShellScript */ = {
			isa = PBXShellScriptBuildPhase;
			buildActionMask = 2147483647;
			files = (
			);
			inputPaths = (
			);
			outputPaths = (
			);
			runOnlyForDeploymentPostprocessing = 0;
			shellPath = /bin/sh;
			shellScript = "# Run the unit tests in this test bundle.\n\"${SYSTEM_DEVELOPER_DIR}/Tools/RunUnitTests\"\n";
		};
/* End PBXShellScriptBuildPhase section */

/* Begin PBXSourcesBuildPhase section */
		5DAE38EE16782CD70079AA6A /* Sources */ = {
			isa = PBXSourcesBuildPhase;
			buildActionMask = 2147483647;
			files = (
				5DAE390316782CD80079AA6A /* main.m in Sources */,
				5DAE390A16782CD80079AA6A /* SPAppDelegate.m in Sources */,
				5D65F02A16910B32001D5971 /* SPSocrataDataProvider.m in Sources */,
			);
			runOnlyForDeploymentPostprocessing = 0;
		};
		5DAF7210169A92F200D64EA4 /* Sources */ = {
			isa = PBXSourcesBuildPhase;
			buildActionMask = 2147483647;
			files = (
				5DAF7221169A92FE00D64EA4 /* SocrataParserTests.m in Sources */,
				5D5413D2169D24A100EFFC76 /* SPSocrataDataProvider.m in Sources */,
			);
			runOnlyForDeploymentPostprocessing = 0;
		};
/* End PBXSourcesBuildPhase section */

/* Begin PBXVariantGroup section */
		5DAE38FF16782CD80079AA6A /* InfoPlist.strings */ = {
			isa = PBXVariantGroup;
			children = (
				5DAE390016782CD80079AA6A /* en */,
			);
			name = InfoPlist.strings;
			sourceTree = "<group>";
		};
		5DAE390516782CD80079AA6A /* Credits.rtf */ = {
			isa = PBXVariantGroup;
			children = (
				5DAE390616782CD80079AA6A /* en */,
			);
			name = Credits.rtf;
			sourceTree = "<group>";
		};
		5DAE390B16782CD80079AA6A /* MainMenu.xib */ = {
			isa = PBXVariantGroup;
			children = (
				5DAE390C16782CD80079AA6A /* en */,
			);
			name = MainMenu.xib;
			sourceTree = "<group>";
		};
		5DAF721C169A92FE00D64EA4 /* InfoPlist.strings */ = {
			isa = PBXVariantGroup;
			children = (
				5DAF721D169A92FE00D64EA4 /* en */,
			);
			name = InfoPlist.strings;
			sourceTree = "<group>";
		};
/* End PBXVariantGroup section */

/* Begin XCBuildConfiguration section */
		5DAE390E16782CD80079AA6A /* Debug */ = {
			isa = XCBuildConfiguration;
			buildSettings = {
				ALWAYS_SEARCH_USER_PATHS = NO;
				ARCHS = "$(ARCHS_STANDARD_64_BIT)";
				CLANG_CXX_LANGUAGE_STANDARD = "gnu++0x";
				CLANG_CXX_LIBRARY = "libc++";
				CLANG_WARN_EMPTY_BODY = YES;
				CLANG_WARN__DUPLICATE_METHOD_MATCH = YES;
				COPY_PHASE_STRIP = NO;
				GCC_C_LANGUAGE_STANDARD = gnu99;
				GCC_DYNAMIC_NO_PIC = NO;
				GCC_ENABLE_OBJC_EXCEPTIONS = YES;
				GCC_OPTIMIZATION_LEVEL = 0;
				GCC_PREPROCESSOR_DEFINITIONS = (
					"DEBUG=1",
					"$(inherited)",
				);
				GCC_SYMBOLS_PRIVATE_EXTERN = NO;
				GCC_WARN_64_TO_32_BIT_CONVERSION = YES;
				GCC_WARN_ABOUT_RETURN_TYPE = YES;
				GCC_WARN_UNINITIALIZED_AUTOS = YES;
				GCC_WARN_UNUSED_VARIABLE = YES;
				MACOSX_DEPLOYMENT_TARGET = 10.8;
				ONLY_ACTIVE_ARCH = YES;
				SDKROOT = macosx;
			};
			name = Debug;
		};
		5DAE390F16782CD80079AA6A /* Release */ = {
			isa = XCBuildConfiguration;
			buildSettings = {
				ALWAYS_SEARCH_USER_PATHS = NO;
				ARCHS = "$(ARCHS_STANDARD_64_BIT)";
				CLANG_CXX_LANGUAGE_STANDARD = "gnu++0x";
				CLANG_CXX_LIBRARY = "libc++";
				CLANG_WARN_EMPTY_BODY = YES;
				CLANG_WARN__DUPLICATE_METHOD_MATCH = YES;
				COPY_PHASE_STRIP = YES;
				DEBUG_INFORMATION_FORMAT = "dwarf-with-dsym";
				GCC_C_LANGUAGE_STANDARD = gnu99;
				GCC_ENABLE_OBJC_EXCEPTIONS = YES;
				GCC_WARN_64_TO_32_BIT_CONVERSION = YES;
				GCC_WARN_ABOUT_RETURN_TYPE = YES;
				GCC_WARN_UNINITIALIZED_AUTOS = YES;
				GCC_WARN_UNUSED_VARIABLE = YES;
				MACOSX_DEPLOYMENT_TARGET = 10.8;
				SDKROOT = macosx;
			};
			name = Release;
		};
		5DAE391116782CD80079AA6A /* Debug */ = {
			isa = XCBuildConfiguration;
			buildSettings = {
				COMBINE_HIDPI_IMAGES = YES;
				GCC_PRECOMPILE_PREFIX_HEADER = YES;
				GCC_PREFIX_HEADER = "SocrataParser/SocrataParser-Prefix.pch";
				INFOPLIST_FILE = "SocrataParser/SocrataParser-Info.plist";
				PRODUCT_NAME = "$(TARGET_NAME)";
				WRAPPER_EXTENSION = app;
			};
			name = Debug;
		};
		5DAE391216782CD80079AA6A /* Release */ = {
			isa = XCBuildConfiguration;
			buildSettings = {
				COMBINE_HIDPI_IMAGES = YES;
				GCC_PRECOMPILE_PREFIX_HEADER = YES;
				GCC_PREFIX_HEADER = "SocrataParser/SocrataParser-Prefix.pch";
				INFOPLIST_FILE = "SocrataParser/SocrataParser-Info.plist";
				PRODUCT_NAME = "$(TARGET_NAME)";
				WRAPPER_EXTENSION = app;
			};
			name = Release;
		};
		5DAF7223169A92FE00D64EA4 /* Debug */ = {
			isa = XCBuildConfiguration;
			buildSettings = {
				COMBINE_HIDPI_IMAGES = YES;
				FRAMEWORK_SEARCH_PATHS = "\"$(DEVELOPER_LIBRARY_DIR)/Frameworks\"";
				GCC_PRECOMPILE_PREFIX_HEADER = YES;
				GCC_PREFIX_HEADER = "SocrataParserTests/SocrataParserTests-Prefix.pch";
				INFOPLIST_FILE = "SocrataParserTests/SocrataParserTests-Info.plist";
				PRODUCT_NAME = "$(TARGET_NAME)";
				WRAPPER_EXTENSION = octest;
			};
			name = Debug;
		};
		5DAF7224169A92FE00D64EA4 /* Release */ = {
			isa = XCBuildConfiguration;
			buildSettings = {
				COMBINE_HIDPI_IMAGES = YES;
				FRAMEWORK_SEARCH_PATHS = "\"$(DEVELOPER_LIBRARY_DIR)/Frameworks\"";
				GCC_PRECOMPILE_PREFIX_HEADER = YES;
				GCC_PREFIX_HEADER = "SocrataParserTests/SocrataParserTests-Prefix.pch";
				INFOPLIST_FILE = "SocrataParserTests/SocrataParserTests-Info.plist";
				PRODUCT_NAME = "$(TARGET_NAME)";
				WRAPPER_EXTENSION = octest;
			};
			name = Release;
		};
/* End XCBuildConfiguration section */

/* Begin XCConfigurationList section */
		5DAE38EC16782CD70079AA6A /* Build configuration list for PBXProject "SocrataParser" */ = {
			isa = XCConfigurationList;
			buildConfigurations = (
				5DAE390E16782CD80079AA6A /* Debug */,
				5DAE390F16782CD80079AA6A /* Release */,
			);
			defaultConfigurationIsVisible = 0;
			defaultConfigurationName = Release;
		};
		5DAE391016782CD80079AA6A /* Build configuration list for PBXNativeTarget "SocrataParser" */ = {
			isa = XCConfigurationList;
			buildConfigurations = (
				5DAE391116782CD80079AA6A /* Debug */,
				5DAE391216782CD80079AA6A /* Release */,
			);
			defaultConfigurationIsVisible = 0;
			defaultConfigurationName = Release;
		};
		5DAF7225169A92FE00D64EA4 /* Build configuration list for PBXNativeTarget "SocrataParserTests" */ = {
			isa = XCConfigurationList;
			buildConfigurations = (
				5DAF7223169A92FE00D64EA4 /* Debug */,
				5DAF7224169A92FE00D64EA4 /* Release */,
			);
			defaultConfigurationIsVisible = 0;
			defaultConfigurationName = Release;
		};
/* End XCConfigurationList section */
	};
	rootObject = 5DAE38E916782CD70079AA6A /* Project object */;
}
